{
  "name": "Proyecto",
  "lockfileVersion": 2,
  "requires": true,
  "packages": {
    "": {
      "dependencies": {
        "@dile/dile-modal": "^3.0.4",
        "@fullcalendar/core": "^6.1.11",
        "@fullcalendar/daygrid": "^6.1.11",
        "@fullcalendar/interaction": "^6.1.11",
        "@fullcalendar/list": "^6.1.11",
        "@fullcalendar/timegrid": "^6.1.11",
        "bootstrap": "^5.3.3",
        "bootstrap-icons": "^1.11.3",
        "jquery-validation": "^1.20.0"
      }
    },
    "node_modules/@dile/dile-close-icon-template": {
      "version": "2.0.4",
      "resolved": "https://registry.npmjs.org/@dile/dile-close-icon-template/-/dile-close-icon-template-2.0.4.tgz",
      "integrity": "sha512-koMRG7y3aBtyjHrwHGkqH9WaTO0r6xrXkEPtbrjvgdV69EJY8AZH3OkKXYpum7uFlrf0+IMGJLNxrnjgmE+0sA==",
      "dependencies": {
        "lit": "^2.6.1"
      }
    },
    "node_modules/@dile/dile-close-on-esc-pressed-mixin": {
      "version": "2.0.2",
      "resolved": "https://registry.npmjs.org/@dile/dile-close-on-esc-pressed-mixin/-/dile-close-on-esc-pressed-mixin-2.0.2.tgz",
      "integrity": "sha512-jUXVWQvCLSnEgEIShAgwaiJenN11hH7KFPyvvd2jz3a1hiVtQRTRonlYCivt5SYfMMEsBE9+ZCcWvuxlJa/5PA=="
    },
    "node_modules/@dile/dile-modal": {
      "version": "3.0.4",
      "resolved": "https://registry.npmjs.org/@dile/dile-modal/-/dile-modal-3.0.4.tgz",
      "integrity": "sha512-lYVOJFF+4kdWkTXfFaz1ASIJ01H30LZnUo4AXFkehgY6RQnXQbAfG8TIbjcHiqpF7LnjTFKTwdM/W2lLJXlocg==",
      "dependencies": {
        "@dile/dile-close-icon-template": "^2.0.4",
        "@dile/dile-close-on-esc-pressed-mixin": "^2.0.2",
        "lit": "^2.6.1"
      }
    },
    "node_modules/@fullcalendar/core": {
      "version": "6.1.11",
      "resolved": "https://registry.npmjs.org/@fullcalendar/core/-/core-6.1.11.tgz",
      "integrity": "sha512-TjG7c8sUz+Vkui2FyCNJ+xqyu0nq653Ibe99A66LoW95oBo6tVhhKIaG1Wh0GVKymYiqAQN/OEdYTuj4ay27kA==",
      "dependencies": {
        "preact": "~10.12.1"
      }
    },
    "node_modules/@fullcalendar/daygrid": {
      "version": "6.1.11",
      "resolved": "https://registry.npmjs.org/@fullcalendar/daygrid/-/daygrid-6.1.11.tgz",
      "integrity": "sha512-hF5jJB7cgUIxWD5MVjj8IU407HISyLu7BWXcEIuTytkfr8oolOXeCazqnnjmRbnFOncoJQVstTtq6SIhaT32Xg==",
      "peerDependencies": {
        "@fullcalendar/core": "~6.1.11"
      }
    },
    "node_modules/@fullcalendar/interaction": {
      "version": "6.1.11",
      "resolved": "https://registry.npmjs.org/@fullcalendar/interaction/-/interaction-6.1.11.tgz",
      "integrity": "sha512-ynOKjzuPwEAMgTQ6R/Z2zvzIIqG4p8/Qmnhi1q0vzPZZxSIYx3rlZuvpEK2WGBZZ1XEafDOP/LGfbWoNZe+qdg==",
      "peerDependencies": {
        "@fullcalendar/core": "~6.1.11"
      }
    },
    "node_modules/@fullcalendar/list": {
      "version": "6.1.11",
      "resolved": "https://registry.npmjs.org/@fullcalendar/list/-/list-6.1.11.tgz",
      "integrity": "sha512-9Qx8uvik9pXD12u50FiHwNzlHv4wkhfsr+r03ycahW7vEeIAKCsIZGTkUfFP+96I5wHihrfLazu1cFQG4MPiuw==",
      "peerDependencies": {
        "@fullcalendar/core": "~6.1.11"
      }
    },
    "node_modules/@fullcalendar/timegrid": {
      "version": "6.1.11",
      "resolved": "https://registry.npmjs.org/@fullcalendar/timegrid/-/timegrid-6.1.11.tgz",
      "integrity": "sha512-0seUHK/ferH89IeuCvV4Bib0zWjgK0nsptNdmAc9wDBxD/d9hm5Mdti0URJX6bDoRtsSfRDu5XsRcrzwoc+AUQ==",
      "dependencies": {
        "@fullcalendar/daygrid": "~6.1.11"
      },
      "peerDependencies": {
        "@fullcalendar/core": "~6.1.11"
      }
    },
    "node_modules/@lit-labs/ssr-dom-shim": {
      "version": "1.2.0",
      "resolved": "https://registry.npmjs.org/@lit-labs/ssr-dom-shim/-/ssr-dom-shim-1.2.0.tgz",
      "integrity": "sha512-yWJKmpGE6lUURKAaIltoPIE/wrbY3TEkqQt+X0m+7fQNnAv0keydnYvbiJFP1PnMhizmIWRWOG5KLhYyc/xl+g=="
    },
    "node_modules/@lit/reactive-element": {
      "version": "1.6.3",
      "resolved": "https://registry.npmjs.org/@lit/reactive-element/-/reactive-element-1.6.3.tgz",
      "integrity": "sha512-QuTgnG52Poic7uM1AN5yJ09QMe0O28e10XzSvWDz02TJiiKee4stsiownEIadWm8nYzyDAyT+gKzUoZmiWQtsQ==",
      "dependencies": {
        "@lit-labs/ssr-dom-shim": "^1.0.0"
      }
    },
    "node_modules/@popperjs/core": {
      "version": "2.11.8",
      "resolved": "https://registry.npmjs.org/@popperjs/core/-/core-2.11.8.tgz",
      "integrity": "sha512-P1st0aksCrn9sGZhp8GMYwBnQsbvAWsZAX44oXNNvLHGqAOcoVxmjZiohstwQ7SqKnbR47akdNi+uleWD8+g6A==",
      "peer": true,
      "funding": {
        "type": "opencollective",
        "url": "https://opencollective.com/popperjs"
      }
    },
    "node_modules/@types/trusted-types": {
      "version": "2.0.7",
      "resolved": "https://registry.npmjs.org/@types/trusted-types/-/trusted-types-2.0.7.tgz",
      "integrity": "sha512-ScaPdn1dQczgbl0QFTeTOmVHFULt394XJgOQNoyVhZ6r2vLnMLJfBPd53SB52T/3G36VI1/g2MZaX0cwDuXsfw=="
    },
    "node_modules/bootstrap": {
      "version": "5.3.3",
      "resolved": "https://registry.npmjs.org/bootstrap/-/bootstrap-5.3.3.tgz",
      "integrity": "sha512-8HLCdWgyoMguSO9o+aH+iuZ+aht+mzW0u3HIMzVu7Srrpv7EBBxTnrFlSCskwdY1+EOFQSm7uMJhNQHkdPcmjg==",
      "funding": [
        {
          "type": "github",
          "url": "https://github.com/sponsors/twbs"
        },
        {
          "type": "opencollective",
          "url": "https://opencollective.com/bootstrap"
        }
      ],
      "peerDependencies": {
        "@popperjs/core": "^2.11.8"
      }
    },
    "node_modules/bootstrap-icons": {
      "version": "1.11.3",
      "resolved": "https://registry.npmjs.org/bootstrap-icons/-/bootstrap-icons-1.11.3.tgz",
      "integrity": "sha512-+3lpHrCw/it2/7lBL15VR0HEumaBss0+f/Lb6ZvHISn1mlK83jjFpooTLsMWbIjJMDjDjOExMsTxnXSIT4k4ww==",
      "funding": [
        {
          "type": "github",
          "url": "https://github.com/sponsors/twbs"
        },
        {
          "type": "opencollective",
          "url": "https://opencollective.com/bootstrap"
        }
      ]
    },
    "node_modules/jquery": {
      "version": "3.7.1",
      "resolved": "https://registry.npmjs.org/jquery/-/jquery-3.7.1.tgz",
      "integrity": "sha512-m4avr8yL8kmFN8psrbFFFmB/If14iN5o9nw/NgnnM+kybDJpRsAynV2BsfpTYrTRysYUdADVD7CkUUizgkpLfg==",
      "peer": true
    },
    "node_modules/jquery-validation": {
      "version": "1.20.0",
      "resolved": "https://registry.npmjs.org/jquery-validation/-/jquery-validation-1.20.0.tgz",
      "integrity": "sha512-c8tg4ltIIP6L7l0bZ79sRzOJYquyjS48kQZ6iv8MJ2r0OYztxtkWYKTReZyU2/zVFYiINB29i0Z/IRNNuJQN1g==",
      "peerDependencies": {
        "jquery": "^1.7 || ^2.0 || ^3.1"
      }
    },
    "node_modules/lit": {
      "version": "2.8.0",
      "resolved": "https://registry.npmjs.org/lit/-/lit-2.8.0.tgz",
      "integrity": "sha512-4Sc3OFX9QHOJaHbmTMk28SYgVxLN3ePDjg7hofEft2zWlehFL3LiAuapWc4U/kYwMYJSh2hTCPZ6/LIC7ii0MA==",
      "dependencies": {
        "@lit/reactive-element": "^1.6.0",
        "lit-element": "^3.3.0",
        "lit-html": "^2.8.0"
      }
    },
    "node_modules/lit-element": {
      "version": "3.3.3",
      "resolved": "https://registry.npmjs.org/lit-element/-/lit-element-3.3.3.tgz",
      "integrity": "sha512-XbeRxmTHubXENkV4h8RIPyr8lXc+Ff28rkcQzw3G6up2xg5E8Zu1IgOWIwBLEQsu3cOVFqdYwiVi0hv0SlpqUA==",
      "dependencies": {
        "@lit-labs/ssr-dom-shim": "^1.1.0",
        "@lit/reactive-element": "^1.3.0",
        "lit-html": "^2.8.0"
      }
    },
    "node_modules/lit-html": {
      "version": "2.8.0",
      "resolved": "https://registry.npmjs.org/lit-html/-/lit-html-2.8.0.tgz",
      "integrity": "sha512-o9t+MQM3P4y7M7yNzqAyjp7z+mQGa4NS4CxiyLqFPyFWyc4O+nodLrkrxSaCTrla6M5YOLaT3RpbbqjszB5g3Q==",
      "dependencies": {
        "@types/trusted-types": "^2.0.2"
      }
    },
    "node_modules/preact": {
      "version": "10.12.1",
      "resolved": "https://registry.npmjs.org/preact/-/preact-10.12.1.tgz",
      "integrity": "sha512-l8386ixSsBdbreOAkqtrwqHwdvR35ID8c3rKPa8lCWuO86dBi32QWHV4vfsZK1utLLFMvw+Z5Ad4XLkZzchscg==",
      "funding": {
        "type": "opencollective",
        "url": "https://opencollective.com/preact"
      }
    }
  },
  "dependencies": {
    "@dile/dile-close-icon-template": {
      "version": "2.0.4",
      "resolved": "https://registry.npmjs.org/@dile/dile-close-icon-template/-/dile-close-icon-template-2.0.4.tgz",
      "integrity": "sha512-koMRG7y3aBtyjHrwHGkqH9WaTO0r6xrXkEPtbrjvgdV69EJY8AZH3OkKXYpum7uFlrf0+IMGJLNxrnjgmE+0sA==",
      "requires": {
        "lit": "^2.6.1"
      }
    },
    "@dile/dile-close-on-esc-pressed-mixin": {
      "version": "2.0.2",
      "resolved": "https://registry.npmjs.org/@dile/dile-close-on-esc-pressed-mixin/-/dile-close-on-esc-pressed-mixin-2.0.2.tgz",
      "integrity": "sha512-jUXVWQvCLSnEgEIShAgwaiJenN11hH7KFPyvvd2jz3a1hiVtQRTRonlYCivt5SYfMMEsBE9+ZCcWvuxlJa/5PA=="
    },
    "@dile/dile-modal": {
      "version": "3.0.4",
      "resolved": "https://registry.npmjs.org/@dile/dile-modal/-/dile-modal-3.0.4.tgz",
      "integrity": "sha512-lYVOJFF+4kdWkTXfFaz1ASIJ01H30LZnUo4AXFkehgY6RQnXQbAfG8TIbjcHiqpF7LnjTFKTwdM/W2lLJXlocg==",
      "requires": {
        "@dile/dile-close-icon-template": "^2.0.4",
        "@dile/dile-close-on-esc-pressed-mixin": "^2.0.2",
        "lit": "^2.6.1"
      }
    },
    "@fullcalendar/core": {
      "version": "6.1.11",
      "resolved": "https://registry.npmjs.org/@fullcalendar/core/-/core-6.1.11.tgz",
      "integrity": "sha512-TjG7c8sUz+Vkui2FyCNJ+xqyu0nq653Ibe99A66LoW95oBo6tVhhKIaG1Wh0GVKymYiqAQN/OEdYTuj4ay27kA==",
      "requires": {
        "preact": "~10.12.1"
      }
    },
    "@fullcalendar/daygrid": {
      "version": "6.1.11",
      "resolved": "https://registry.npmjs.org/@fullcalendar/daygrid/-/daygrid-6.1.11.tgz",
      "integrity": "sha512-hF5jJB7cgUIxWD5MVjj8IU407HISyLu7BWXcEIuTytkfr8oolOXeCazqnnjmRbnFOncoJQVstTtq6SIhaT32Xg==",
      "requires": {}
    },
    "@fullcalendar/interaction": {
      "version": "6.1.11",
      "resolved": "https://registry.npmjs.org/@fullcalendar/interaction/-/interaction-6.1.11.tgz",
      "integrity": "sha512-ynOKjzuPwEAMgTQ6R/Z2zvzIIqG4p8/Qmnhi1q0vzPZZxSIYx3rlZuvpEK2WGBZZ1XEafDOP/LGfbWoNZe+qdg==",
      "requires": {}
    },
    "@fullcalendar/list": {
      "version": "6.1.11",
      "resolved": "https://registry.npmjs.org/@fullcalendar/list/-/list-6.1.11.tgz",
      "integrity": "sha512-9Qx8uvik9pXD12u50FiHwNzlHv4wkhfsr+r03ycahW7vEeIAKCsIZGTkUfFP+96I5wHihrfLazu1cFQG4MPiuw==",
      "requires": {}
    },
    "@fullcalendar/timegrid": {
      "version": "6.1.11",
      "resolved": "https://registry.npmjs.org/@fullcalendar/timegrid/-/timegrid-6.1.11.tgz",
      "integrity": "sha512-0seUHK/ferH89IeuCvV4Bib0zWjgK0nsptNdmAc9wDBxD/d9hm5Mdti0URJX6bDoRtsSfRDu5XsRcrzwoc+AUQ==",
      "requires": {
        "@fullcalendar/daygrid": "~6.1.11"
      }
    },
    "@lit-labs/ssr-dom-shim": {
      "version": "1.2.0",
      "resolved": "https://registry.npmjs.org/@lit-labs/ssr-dom-shim/-/ssr-dom-shim-1.2.0.tgz",
      "integrity": "sha512-yWJKmpGE6lUURKAaIltoPIE/wrbY3TEkqQt+X0m+7fQNnAv0keydnYvbiJFP1PnMhizmIWRWOG5KLhYyc/xl+g=="
    },
    "@lit/reactive-element": {
      "version": "1.6.3",
      "resolved": "https://registry.npmjs.org/@lit/reactive-element/-/reactive-element-1.6.3.tgz",
      "integrity": "sha512-QuTgnG52Poic7uM1AN5yJ09QMe0O28e10XzSvWDz02TJiiKee4stsiownEIadWm8nYzyDAyT+gKzUoZmiWQtsQ==",
      "requires": {
        "@lit-labs/ssr-dom-shim": "^1.0.0"
      }
    },
    "@popperjs/core": {
      "version": "2.11.8",
      "resolved": "https://registry.npmjs.org/@popperjs/core/-/core-2.11.8.tgz",
      "integrity": "sha512-P1st0aksCrn9sGZhp8GMYwBnQsbvAWsZAX44oXNNvLHGqAOcoVxmjZiohstwQ7SqKnbR47akdNi+uleWD8+g6A==",
      "peer": true
    },
    "@types/trusted-types": {
      "version": "2.0.7",
      "resolved": "https://registry.npmjs.org/@types/trusted-types/-/trusted-types-2.0.7.tgz",
      "integrity": "sha512-ScaPdn1dQczgbl0QFTeTOmVHFULt394XJgOQNoyVhZ6r2vLnMLJfBPd53SB52T/3G36VI1/g2MZaX0cwDuXsfw=="
    },
    "bootstrap": {
      "version": "5.3.3",
      "resolved": "https://registry.npmjs.org/bootstrap/-/bootstrap-5.3.3.tgz",
      "integrity": "sha512-8HLCdWgyoMguSO9o+aH+iuZ+aht+mzW0u3HIMzVu7Srrpv7EBBxTnrFlSCskwdY1+EOFQSm7uMJhNQHkdPcmjg==",
      "requires": {}
    },
    "bootstrap-icons": {
      "version": "1.11.3",
      "resolved": "https://registry.npmjs.org/bootstrap-icons/-/bootstrap-icons-1.11.3.tgz",
      "integrity": "sha512-+3lpHrCw/it2/7lBL15VR0HEumaBss0+f/Lb6ZvHISn1mlK83jjFpooTLsMWbIjJMDjDjOExMsTxnXSIT4k4ww=="
    },
    "jquery": {
      "version": "3.7.1",
      "resolved": "https://registry.npmjs.org/jquery/-/jquery-3.7.1.tgz",
      "integrity": "sha512-m4avr8yL8kmFN8psrbFFFmB/If14iN5o9nw/NgnnM+kybDJpRsAynV2BsfpTYrTRysYUdADVD7CkUUizgkpLfg==",
      "peer": true
    },
    "jquery-validation": {
      "version": "1.20.0",
      "resolved": "https://registry.npmjs.org/jquery-validation/-/jquery-validation-1.20.0.tgz",
      "integrity": "sha512-c8tg4ltIIP6L7l0bZ79sRzOJYquyjS48kQZ6iv8MJ2r0OYztxtkWYKTReZyU2/zVFYiINB29i0Z/IRNNuJQN1g==",
      "requires": {}
    },
    "lit": {
      "version": "2.8.0",
      "resolved": "https://registry.npmjs.org/lit/-/lit-2.8.0.tgz",
      "integrity": "sha512-4Sc3OFX9QHOJaHbmTMk28SYgVxLN3ePDjg7hofEft2zWlehFL3LiAuapWc4U/kYwMYJSh2hTCPZ6/LIC7ii0MA==",
      "requires": {
        "@lit/reactive-element": "^1.6.0",
        "lit-element": "^3.3.0",
        "lit-html": "^2.8.0"
      }
    },
    "lit-element": {
      "version": "3.3.3",
      "resolved": "https://registry.npmjs.org/lit-element/-/lit-element-3.3.3.tgz",
      "integrity": "sha512-XbeRxmTHubXENkV4h8RIPyr8lXc+Ff28rkcQzw3G6up2xg5E8Zu1IgOWIwBLEQsu3cOVFqdYwiVi0hv0SlpqUA==",
      "requires": {
        "@lit-labs/ssr-dom-shim": "^1.1.0",
        "@lit/reactive-element": "^1.3.0",
        "lit-html": "^2.8.0"
      }
    },
    "lit-html": {
      "version": "2.8.0",
      "resolved": "https://registry.npmjs.org/lit-html/-/lit-html-2.8.0.tgz",
      "integrity": "sha512-o9t+MQM3P4y7M7yNzqAyjp7z+mQGa4NS4CxiyLqFPyFWyc4O+nodLrkrxSaCTrla6M5YOLaT3RpbbqjszB5g3Q==",
      "requires": {
        "@types/trusted-types": "^2.0.2"
      }
    },
    "preact": {
      "version": "10.12.1",
      "resolved": "https://registry.npmjs.org/preact/-/preact-10.12.1.tgz",
      "integrity": "sha512-l8386ixSsBdbreOAkqtrwqHwdvR35ID8c3rKPa8lCWuO86dBi32QWHV4vfsZK1utLLFMvw+Z5Ad4XLkZzchscg=="
    }
  }
}
